
Microsoft Visual Studio Solution File, Format Version 12.00
# Visual Studio Version 16
VisualStudioVersion = 16.0.30204.135
MinimumVisualStudioVersion = 10.0.40219.1
Project("{9A19103F-16F7-4668-BE54-9A1E7A4F7556}") = "Soccer.Common", "Soccer.Common\Soccer.Common.csproj", "{43B37F14-7B9F-40A8-8755-7CE09D7BBAF2}"
EndProject
Project("{9A19103F-16F7-4668-BE54-9A1E7A4F7556}") = "Soccer.Web", "Soccer.Web\Soccer.Web.csproj", "{3592E142-6BEC-47D6-8686-288827A5361A}"
EndProject
Project("{FAE04EC0-301F-11D3-BF4B-00C04F79EFBC}") = "Soccer.Prism", "Soccer.Prism\Soccer.Prism\Soccer.Prism.csproj", "{379E9FD8-A899-4AFA-A860-39A8963CCEB6}"
EndProject
Project("{FAE04EC0-301F-11D3-BF4B-00C04F79EFBC}") = "Soccer.Prism.Android", "Soccer.Prism\Soccer.Prism.Android\Soccer.Prism.Android.csproj", "{BEB5CCC3-876E-4E8B-94C9-A589F44214F6}"
EndProject
Project("{FAE04EC0-301F-11D3-BF4B-00C04F79EFBC}") = "Soccer.Prism.iOS", "Soccer.Prism\Soccer.Prism.iOS\Soccer.Prism.iOS.csproj", "{8FA89581-04B2-4A13-BC12-B20C88AACDDB}"
EndProject
Project("{FAE04EC0-301F-11D3-BF4B-00C04F79EFBC}") = "Soccer.Cross.Android", "Soccer.Cross.Android\Soccer.Cross.Android.csproj", "{48768D02-5045-46F9-AA42-FE89ED270F52}"
EndProject
Project("{FAE04EC0-301F-11D3-BF4B-00C04F79EFBC}") = "Soccer.Cross.iOS", "Soccer.Cross.iOS\Soccer.Cross.iOS.csproj", "{D722BBC8-06CF-42CD-BCEF-45BA13BA95E1}"
EndProject
Global
	GlobalSection(SolutionConfigurationPlatforms) = preSolution
		Ad-Hoc|Any CPU = Ad-Hoc|Any CPU
		Ad-Hoc|iPhone = Ad-Hoc|iPhone
		Ad-Hoc|iPhoneSimulator = Ad-Hoc|iPhoneSimulator
		AppStore|Any CPU = AppStore|Any CPU
		AppStore|iPhone = AppStore|iPhone
		AppStore|iPhoneSimulator = AppStore|iPhoneSimulator
		Debug|Any CPU = Debug|Any CPU
		Debug|iPhone = Debug|iPhone
		Debug|iPhoneSimulator = Debug|iPhoneSimulator
		Release|Any CPU = Release|Any CPU
		Release|iPhone = Release|iPhone
		Release|iPhoneSimulator = Release|iPhoneSimulator
	EndGlobalSection
	GlobalSection(ProjectConfigurationPlatforms) = postSolution
		{43B37F14-7B9F-40A8-8755-7CE09D7BBAF2}.Ad-Hoc|Any CPU.ActiveCfg = Release|Any CPU
		{43B37F14-7B9F-40A8-8755-7CE09D7BBAF2}.Ad-Hoc|Any CPU.Build.0 = Release|Any CPU
		{43B37F14-7B9F-40A8-8755-7CE09D7BBAF2}.Ad-Hoc|iPhone.ActiveCfg = Release|Any CPU
		{43B37F14-7B9F-40A8-8755-7CE09D7BBAF2}.Ad-Hoc|iPhone.Build.0 = Release|Any CPU
		{43B37F14-7B9F-40A8-8755-7CE09D7BBAF2}.Ad-Hoc|iPhoneSimulator.ActiveCfg = Release|Any CPU
		{43B37F14-7B9F-40A8-8755-7CE09D7BBAF2}.Ad-Hoc|iPhoneSimulator.Build.0 = Release|Any CPU
		{43B37F14-7B9F-40A8-8755-7CE09D7BBAF2}.AppStore|Any CPU.ActiveCfg = Release|Any CPU
		{43B37F14-7B9F-40A8-8755-7CE09D7BBAF2}.AppStore|Any CPU.Build.0 = Release|Any CPU
		{43B37F14-7B9F-40A8-8755-7CE09D7BBAF2}.AppStore|iPhone.ActiveCfg = Release|Any CPU
		{43B37F14-7B9F-40A8-8755-7CE09D7BBAF2}.AppStore|iPhone.Build.0 = Release|Any CPU
		{43B37F14-7B9F-40A8-8755-7CE09D7BBAF2}.AppStore|iPhoneSimulator.ActiveCfg = Release|Any CPU
		{43B37F14-7B9F-40A8-8755-7CE09D7BBAF2}.AppStore|iPhoneSimulator.Build.0 = Release|Any CPU
		{43B37F14-7B9F-40A8-8755-7CE09D7BBAF2}.Debug|Any CPU.ActiveCfg = Debug|Any CPU
		{43B37F14-7B9F-40A8-8755-7CE09D7BBAF2}.Debug|Any CPU.Build.0 = Debug|Any CPU
		{43B37F14-7B9F-40A8-8755-7CE09D7BBAF2}.Debug|iPhone.ActiveCfg = Debug|Any CPU
		{43B37F14-7B9F-40A8-8755-7CE09D7BBAF2}.Debug|iPhone.Build.0 = Debug|Any CPU
		{43B37F14-7B9F-40A8-8755-7CE09D7BBAF2}.Debug|iPhoneSimulator.ActiveCfg = Debug|Any CPU
		{43B37F14-7B9F-40A8-8755-7CE09D7BBAF2}.Debug|iPhoneSimulator.Build.0 = Debug|Any CPU
		{43B37F14-7B9F-40A8-8755-7CE09D7BBAF2}.Release|Any CPU.ActiveCfg = Release|Any CPU
		{43B37F14-7B9F-40A8-8755-7CE09D7BBAF2}.Release|Any CPU.Build.0 = Release|Any CPU
		{43B37F14-7B9F-40A8-8755-7CE09D7BBAF2}.Release|iPhone.ActiveCfg = Release|Any CPU
		{43B37F14-7B9F-40A8-8755-7CE09D7BBAF2}.Release|iPhone.Build.0 = Release|Any CPU
		{43B37F14-7B9F-40A8-8755-7CE09D7BBAF2}.Release|iPhoneSimulator.ActiveCfg = Release|Any CPU
		{43B37F14-7B9F-40A8-8755-7CE09D7BBAF2}.Release|iPhoneSimulator.Build.0 = Release|Any CPU
		{3592E142-6BEC-47D6-8686-288827A5361A}.Ad-Hoc|Any CPU.ActiveCfg = Release|Any CPU
		{3592E142-6BEC-47D6-8686-288827A5361A}.Ad-Hoc|Any CPU.Build.0 = Release|Any CPU
		{3592E142-6BEC-47D6-8686-288827A5361A}.Ad-Hoc|iPhone.ActiveCfg = Release|Any CPU
		{3592E142-6BEC-47D6-8686-288827A5361A}.Ad-Hoc|iPhone.Build.0 = Release|Any CPU
		{3592E142-6BEC-47D6-8686-288827A5361A}.Ad-Hoc|iPhoneSimulator.ActiveCfg = Release|Any CPU
		{3592E142-6BEC-47D6-8686-288827A5361A}.Ad-Hoc|iPhoneSimulator.Build.0 = Release|Any CPU
		{3592E142-6BEC-47D6-8686-288827A5361A}.AppStore|Any CPU.ActiveCfg = Release|Any CPU
		{3592E142-6BEC-47D6-8686-288827A5361A}.AppStore|Any CPU.Build.0 = Release|Any CPU
		{3592E142-6BEC-47D6-8686-288827A5361A}.AppStore|iPhone.ActiveCfg = Release|Any CPU
		{3592E142-6BEC-47D6-8686-288827A5361A}.AppStore|iPhone.Build.0 = Release|Any CPU
		{3592E142-6BEC-47D6-8686-288827A5361A}.AppStore|iPhoneSimulator.ActiveCfg = Release|Any CPU
		{3592E142-6BEC-47D6-8686-288827A5361A}.AppStore|iPhoneSimulator.Build.0 = Release|Any CPU
		{3592E142-6BEC-47D6-8686-288827A5361A}.Debug|Any CPU.ActiveCfg = Debug|Any CPU
		{3592E142-6BEC-47D6-8686-288827A5361A}.Debug|Any CPU.Build.0 = Debug|Any CPU
		{3592E142-6BEC-47D6-8686-288827A5361A}.Debug|iPhone.ActiveCfg = Debug|Any CPU
		{3592E142-6BEC-47D6-8686-288827A5361A}.Debug|iPhone.Build.0 = Debug|Any CPU
		{3592E142-6BEC-47D6-8686-288827A5361A}.Debug|iPhoneSimulator.ActiveCfg = Debug|Any CPU
		{3592E142-6BEC-47D6-8686-288827A5361A}.Debug|iPhoneSimulator.Build.0 = Debug|Any CPU
		{3592E142-6BEC-47D6-8686-288827A5361A}.Release|Any CPU.ActiveCfg = Release|Any CPU
		{3592E142-6BEC-47D6-8686-288827A5361A}.Release|Any CPU.Build.0 = Release|Any CPU
		{3592E142-6BEC-47D6-8686-288827A5361A}.Release|iPhone.ActiveCfg = Release|Any CPU
		{3592E142-6BEC-47D6-8686-288827A5361A}.Release|iPhone.Build.0 = Release|Any CPU
		{3592E142-6BEC-47D6-8686-288827A5361A}.Release|iPhoneSimulator.ActiveCfg = Release|Any CPU
		{3592E142-6BEC-47D6-8686-288827A5361A}.Release|iPhoneSimulator.Build.0 = Release|Any CPU
		{379E9FD8-A899-4AFA-A860-39A8963CCEB6}.Ad-Hoc|Any CPU.ActiveCfg = Debug|Any CPU
		{379E9FD8-A899-4AFA-A860-39A8963CCEB6}.Ad-Hoc|Any CPU.Build.0 = Debug|Any CPU
		{379E9FD8-A899-4AFA-A860-39A8963CCEB6}.Ad-Hoc|iPhone.ActiveCfg = Debug|Any CPU
		{379E9FD8-A899-4AFA-A860-39A8963CCEB6}.Ad-Hoc|iPhone.Build.0 = Debug|Any CPU
		{379E9FD8-A899-4AFA-A860-39A8963CCEB6}.Ad-Hoc|iPhoneSimulator.ActiveCfg = Debug|Any CPU
		{379E9FD8-A899-4AFA-A860-39A8963CCEB6}.Ad-Hoc|iPhoneSimulator.Build.0 = Debug|Any CPU
		{379E9FD8-A899-4AFA-A860-39A8963CCEB6}.AppStore|Any CPU.ActiveCfg = Debug|Any CPU
		{379E9FD8-A899-4AFA-A860-39A8963CCEB6}.AppStore|Any CPU.Build.0 = Debug|Any CPU
		{379E9FD8-A899-4AFA-A860-39A8963CCEB6}.AppStore|iPhone.ActiveCfg = Debug|Any CPU
		{379E9FD8-A899-4AFA-A860-39A8963CCEB6}.AppStore|iPhone.Build.0 = Debug|Any CPU
		{379E9FD8-A899-4AFA-A860-39A8963CCEB6}.AppStore|iPhoneSimulator.ActiveCfg = Debug|Any CPU
		{379E9FD8-A899-4AFA-A860-39A8963CCEB6}.AppStore|iPhoneSimulator.Build.0 = Debug|Any CPU
		{379E9FD8-A899-4AFA-A860-39A8963CCEB6}.Debug|Any CPU.ActiveCfg = Debug|Any CPU
		{379E9FD8-A899-4AFA-A860-39A8963CCEB6}.Debug|Any CPU.Build.0 = Debug|Any CPU
		{379E9FD8-A899-4AFA-A860-39A8963CCEB6}.Debug|iPhone.ActiveCfg = Debug|Any CPU
		{379E9FD8-A899-4AFA-A860-39A8963CCEB6}.Debug|iPhone.Build.0 = Debug|Any CPU
		{379E9FD8-A899-4AFA-A860-39A8963CCEB6}.Debug|iPhoneSimulator.ActiveCfg = Debug|Any CPU
		{379E9FD8-A899-4AFA-A860-39A8963CCEB6}.Debug|iPhoneSimulator.Build.0 = Debug|Any CPU
		{379E9FD8-A899-4AFA-A860-39A8963CCEB6}.Release|Any CPU.ActiveCfg = Release|Any CPU
		{379E9FD8-A899-4AFA-A860-39A8963CCEB6}.Release|Any CPU.Build.0 = Release|Any CPU
		{379E9FD8-A899-4AFA-A860-39A8963CCEB6}.Release|iPhone.ActiveCfg = Release|Any CPU
		{379E9FD8-A899-4AFA-A860-39A8963CCEB6}.Release|iPhone.Build.0 = Release|Any CPU
		{379E9FD8-A899-4AFA-A860-39A8963CCEB6}.Release|iPhoneSimulator.ActiveCfg = Release|Any CPU
		{379E9FD8-A899-4AFA-A860-39A8963CCEB6}.Release|iPhoneSimulator.Build.0 = Release|Any CPU
		{BEB5CCC3-876E-4E8B-94C9-A589F44214F6}.Ad-Hoc|Any CPU.ActiveCfg = Release|Any CPU
		{BEB5CCC3-876E-4E8B-94C9-A589F44214F6}.Ad-Hoc|Any CPU.Build.0 = Release|Any CPU
		{BEB5CCC3-876E-4E8B-94C9-A589F44214F6}.Ad-Hoc|Any CPU.Deploy.0 = Release|Any CPU
		{BEB5CCC3-876E-4E8B-94C9-A589F44214F6}.Ad-Hoc|iPhone.ActiveCfg = Release|Any CPU
		{BEB5CCC3-876E-4E8B-94C9-A589F44214F6}.Ad-Hoc|iPhone.Build.0 = Release|Any CPU
		{BEB5CCC3-876E-4E8B-94C9-A589F44214F6}.Ad-Hoc|iPhone.Deploy.0 = Release|Any CPU
		{BEB5CCC3-876E-4E8B-94C9-A589F44214F6}.Ad-Hoc|iPhoneSimulator.ActiveCfg = Release|Any CPU
		{BEB5CCC3-876E-4E8B-94C9-A589F44214F6}.Ad-Hoc|iPhoneSimulator.Build.0 = Release|Any CPU
		{BEB5CCC3-876E-4E8B-94C9-A589F44214F6}.Ad-Hoc|iPhoneSimulator.Deploy.0 = Release|Any CPU
		{BEB5CCC3-876E-4E8B-94C9-A589F44214F6}.AppStore|Any CPU.ActiveCfg = Release|Any CPU
		{BEB5CCC3-876E-4E8B-94C9-A589F44214F6}.AppStore|Any CPU.Build.0 = Release|Any CPU
		{BEB5CCC3-876E-4E8B-94C9-A589F44214F6}.AppStore|Any CPU.Deploy.0 = Release|Any CPU
		{BEB5CCC3-876E-4E8B-94C9-A589F44214F6}.AppStore|iPhone.ActiveCfg = Release|Any CPU
		{BEB5CCC3-876E-4E8B-94C9-A589F44214F6}.AppStore|iPhone.Build.0 = Release|Any CPU
		{BEB5CCC3-876E-4E8B-94C9-A589F44214F6}.AppStore|iPhone.Deploy.0 = Release|Any CPU
		{BEB5CCC3-876E-4E8B-94C9-A589F44214F6}.AppStore|iPhoneSimulator.ActiveCfg = Release|Any CPU
		{BEB5CCC3-876E-4E8B-94C9-A589F44214F6}.AppStore|iPhoneSimulator.Build.0 = Release|Any CPU
		{BEB5CCC3-876E-4E8B-94C9-A589F44214F6}.AppStore|iPhoneSimulator.Deploy.0 = Release|Any CPU
		{BEB5CCC3-876E-4E8B-94C9-A589F44214F6}.Debug|Any CPU.ActiveCfg = Debug|Any CPU
		{BEB5CCC3-876E-4E8B-94C9-A589F44214F6}.Debug|Any CPU.Build.0 = Debug|Any CPU
		{BEB5CCC3-876E-4E8B-94C9-A589F44214F6}.Debug|Any CPU.Deploy.0 = Debug|Any CPU
		{BEB5CCC3-876E-4E8B-94C9-A589F44214F6}.Debug|iPhone.ActiveCfg = Debug|Any CPU
		{BEB5CCC3-876E-4E8B-94C9-A589F44214F6}.Debug|iPhone.Build.0 = Debug|Any CPU
		{BEB5CCC3-876E-4E8B-94C9-A589F44214F6}.Debug|iPhone.Deploy.0 = Debug|Any CPU
		{BEB5CCC3-876E-4E8B-94C9-A589F44214F6}.Debug|iPhoneSimulator.ActiveCfg = Debug|Any CPU
		{BEB5CCC3-876E-4E8B-94C9-A589F44214F6}.Debug|iPhoneSimulator.Build.0 = Debug|Any CPU
		{BEB5CCC3-876E-4E8B-94C9-A589F44214F6}.Debug|iPhoneSimulator.Deploy.0 = Debug|Any CPU
		{BEB5CCC3-876E-4E8B-94C9-A589F44214F6}.Release|Any CPU.ActiveCfg = Release|Any CPU
		{BEB5CCC3-876E-4E8B-94C9-A589F44214F6}.Release|Any CPU.Build.0 = Release|Any CPU
		{BEB5CCC3-876E-4E8B-94C9-A589F44214F6}.Release|Any CPU.Deploy.0 = Release|Any CPU
		{BEB5CCC3-876E-4E8B-94C9-A589F44214F6}.Release|iPhone.ActiveCfg = Release|Any CPU
		{BEB5CCC3-876E-4E8B-94C9-A589F44214F6}.Release|iPhone.Build.0 = Release|Any CPU
		{BEB5CCC3-876E-4E8B-94C9-A589F44214F6}.Release|iPhone.Deploy.0 = Release|Any CPU
		{BEB5CCC3-876E-4E8B-94C9-A589F44214F6}.Release|iPhoneSimulator.ActiveCfg = Release|Any CPU
		{BEB5CCC3-876E-4E8B-94C9-A589F44214F6}.Release|iPhoneSimulator.Build.0 = Release|Any CPU
		{BEB5CCC3-876E-4E8B-94C9-A589F44214F6}.Release|iPhoneSimulator.Deploy.0 = Release|Any CPU
		{8FA89581-04B2-4A13-BC12-B20C88AACDDB}.Ad-Hoc|Any CPU.ActiveCfg = Ad-Hoc|iPhone
		{8FA89581-04B2-4A13-BC12-B20C88AACDDB}.Ad-Hoc|iPhone.ActiveCfg = Ad-Hoc|iPhone
		{8FA89581-04B2-4A13-BC12-B20C88AACDDB}.Ad-Hoc|iPhone.Build.0 = Ad-Hoc|iPhone
		{8FA89581-04B2-4A13-BC12-B20C88AACDDB}.Ad-Hoc|iPhoneSimulator.ActiveCfg = Ad-Hoc|iPhoneSimulator
		{8FA89581-04B2-4A13-BC12-B20C88AACDDB}.Ad-Hoc|iPhoneSimulator.Build.0 = Ad-Hoc|iPhoneSimulator
		{8FA89581-04B2-4A13-BC12-B20C88AACDDB}.AppStore|Any CPU.ActiveCfg = AppStore|iPhone
		{8FA89581-04B2-4A13-BC12-B20C88AACDDB}.AppStore|iPhone.ActiveCfg = AppStore|iPhone
		{8FA89581-04B2-4A13-BC12-B20C88AACDDB}.AppStore|iPhone.Build.0 = AppStore|iPhone
		{8FA89581-04B2-4A13-BC12-B20C88AACDDB}.AppStore|iPhoneSimulator.ActiveCfg = AppStore|iPhoneSimulator
		{8FA89581-04B2-4A13-BC12-B20C88AACDDB}.AppStore|iPhoneSimulator.Build.0 = AppStore|iPhoneSimulator
		{8FA89581-04B2-4A13-BC12-B20C88AACDDB}.Debug|Any CPU.ActiveCfg = Debug|iPhone
		{8FA89581-04B2-4A13-BC12-B20C88AACDDB}.Debug|iPhone.ActiveCfg = Debug|iPhone
		{8FA89581-04B2-4A13-BC12-B20C88AACDDB}.Debug|iPhone.Build.0 = Debug|iPhone
		{8FA89581-04B2-4A13-BC12-B20C88AACDDB}.Debug|iPhoneSimulator.ActiveCfg = Debug|iPhoneSimulator
		{8FA89581-04B2-4A13-BC12-B20C88AACDDB}.Debug|iPhoneSimulator.Build.0 = Debug|iPhoneSimulator
		{8FA89581-04B2-4A13-BC12-B20C88AACDDB}.Release|Any CPU.ActiveCfg = Release|iPhone
		{8FA89581-04B2-4A13-BC12-B20C88AACDDB}.Release|iPhone.ActiveCfg = Release|iPhone
		{8FA89581-04B2-4A13-BC12-B20C88AACDDB}.Release|iPhone.Build.0 = Release|iPhone
		{8FA89581-04B2-4A13-BC12-B20C88AACDDB}.Release|iPhoneSimulator.ActiveCfg = Release|iPhoneSimulator
		{8FA89581-04B2-4A13-BC12-B20C88AACDDB}.Release|iPhoneSimulator.Build.0 = Release|iPhoneSimulator
		{48768D02-5045-46F9-AA42-FE89ED270F52}.Ad-Hoc|Any CPU.ActiveCfg = Release|Any CPU
		{48768D02-5045-46F9-AA42-FE89ED270F52}.Ad-Hoc|Any CPU.Build.0 = Release|Any CPU
		{48768D02-5045-46F9-AA42-FE89ED270F52}.Ad-Hoc|Any CPU.Deploy.0 = Release|Any CPU
		{48768D02-5045-46F9-AA42-FE89ED270F52}.Ad-Hoc|iPhone.ActiveCfg = Release|Any CPU
		{48768D02-5045-46F9-AA42-FE89ED270F52}.Ad-Hoc|iPhone.Build.0 = Release|Any CPU
		{48768D02-5045-46F9-AA42-FE89ED270F52}.Ad-Hoc|iPhone.Deploy.0 = Release|Any CPU
		{48768D02-5045-46F9-AA42-FE89ED270F52}.Ad-Hoc|iPhoneSimulator.ActiveCfg = Release|Any CPU
		{48768D02-5045-46F9-AA42-FE89ED270F52}.Ad-Hoc|iPhoneSimulator.Build.0 = Release|Any CPU
		{48768D02-5045-46F9-AA42-FE89ED270F52}.Ad-Hoc|iPhoneSimulator.Deploy.0 = Release|Any CPU
		{48768D02-5045-46F9-AA42-FE89ED270F52}.AppStore|Any CPU.ActiveCfg = Release|Any CPU
		{48768D02-5045-46F9-AA42-FE89ED270F52}.AppStore|Any CPU.Build.0 = Release|Any CPU
		{48768D02-5045-46F9-AA42-FE89ED270F52}.AppStore|Any CPU.Deploy.0 = Release|Any CPU
		{48768D02-5045-46F9-AA42-FE89ED270F52}.AppStore|iPhone.ActiveCfg = Release|Any CPU
		{48768D02-5045-46F9-AA42-FE89ED270F52}.AppStore|iPhone.Build.0 = Release|Any CPU
		{48768D02-5045-46F9-AA42-FE89ED270F52}.AppStore|iPhone.Deploy.0 = Release|Any CPU
		{48768D02-5045-46F9-AA42-FE89ED270F52}.AppStore|iPhoneSimulator.ActiveCfg = Release|Any CPU
		{48768D02-5045-46F9-AA42-FE89ED270F52}.AppStore|iPhoneSimulator.Build.0 = Release|Any CPU
		{48768D02-5045-46F9-AA42-FE89ED270F52}.AppStore|iPhoneSimulator.Deploy.0 = Release|Any CPU
		{48768D02-5045-46F9-AA42-FE89ED270F52}.Debug|Any CPU.ActiveCfg = Debug|Any CPU
		{48768D02-5045-46F9-AA42-FE89ED270F52}.Debug|Any CPU.Build.0 = Debug|Any CPU
		{48768D02-5045-46F9-AA42-FE89ED270F52}.Debug|Any CPU.Deploy.0 = Debug|Any CPU
		{48768D02-5045-46F9-AA42-FE89ED270F52}.Debug|iPhone.ActiveCfg = Debug|Any CPU
		{48768D02-5045-46F9-AA42-FE89ED270F52}.Debug|iPhone.Build.0 = Debug|Any CPU
		{48768D02-5045-46F9-AA42-FE89ED270F52}.Debug|iPhone.Deploy.0 = Debug|Any CPU
		{48768D02-5045-46F9-AA42-FE89ED270F52}.Debug|iPhoneSimulator.ActiveCfg = Debug|Any CPU
		{48768D02-5045-46F9-AA42-FE89ED270F52}.Debug|iPhoneSimulator.Build.0 = Debug|Any CPU
		{48768D02-5045-46F9-AA42-FE89ED270F52}.Debug|iPhoneSimulator.Deploy.0 = Debug|Any CPU
		{48768D02-5045-46F9-AA42-FE89ED270F52}.Release|Any CPU.ActiveCfg = Release|Any CPU
		{48768D02-5045-46F9-AA42-FE89ED270F52}.Release|Any CPU.Build.0 = Release|Any CPU
		{48768D02-5045-46F9-AA42-FE89ED270F52}.Release|Any CPU.Deploy.0 = Release|Any CPU
		{48768D02-5045-46F9-AA42-FE89ED270F52}.Release|iPhone.ActiveCfg = Release|Any CPU
		{48768D02-5045-46F9-AA42-FE89ED270F52}.Release|iPhone.Build.0 = Release|Any CPU
		{48768D02-5045-46F9-AA42-FE89ED270F52}.Release|iPhone.Deploy.0 = Release|Any CPU
		{48768D02-5045-46F9-AA42-FE89ED270F52}.Release|iPhoneSimulator.ActiveCfg = Release|Any CPU
		{48768D02-5045-46F9-AA42-FE89ED270F52}.Release|iPhoneSimulator.Build.0 = Release|Any CPU
		{48768D02-5045-46F9-AA42-FE89ED270F52}.Release|iPhoneSimulator.Deploy.0 = Release|Any CPU
		{D722BBC8-06CF-42CD-BCEF-45BA13BA95E1}.Ad-Hoc|Any CPU.ActiveCfg = Release|iPhone
		{D722BBC8-06CF-42CD-BCEF-45BA13BA95E1}.Ad-Hoc|Any CPU.Build.0 = Release|iPhone
		{D722BBC8-06CF-42CD-BCEF-45BA13BA95E1}.Ad-Hoc|iPhone.ActiveCfg = Release|iPhone
		{D722BBC8-06CF-42CD-BCEF-45BA13BA95E1}.Ad-Hoc|iPhone.Build.0 = Release|iPhone
		{D722BBC8-06CF-42CD-BCEF-45BA13BA95E1}.Ad-Hoc|iPhoneSimulator.ActiveCfg = Release|iPhoneSimulator
		{D722BBC8-06CF-42CD-BCEF-45BA13BA95E1}.Ad-Hoc|iPhoneSimulator.Build.0 = Release|iPhoneSimulator
		{D722BBC8-06CF-42CD-BCEF-45BA13BA95E1}.AppStore|Any CPU.ActiveCfg = Release|iPhone
		{D722BBC8-06CF-42CD-BCEF-45BA13BA95E1}.AppStore|Any CPU.Build.0 = Release|iPhone
		{D722BBC8-06CF-42CD-BCEF-45BA13BA95E1}.AppStore|iPhone.ActiveCfg = Release|iPhone
		{D722BBC8-06CF-42CD-BCEF-45BA13BA95E1}.AppStore|iPhone.Build.0 = Release|iPhone
		{D722BBC8-06CF-42CD-BCEF-45BA13BA95E1}.AppStore|iPhoneSimulator.ActiveCfg = Release|iPhoneSimulator
		{D722BBC8-06CF-42CD-BCEF-45BA13BA95E1}.AppStore|iPhoneSimulator.Build.0 = Release|iPhoneSimulator
		{D722BBC8-06CF-42CD-BCEF-45BA13BA95E1}.Debug|Any CPU.ActiveCfg = Debug|iPhone
		{D722BBC8-06CF-42CD-BCEF-45BA13BA95E1}.Debug|iPhone.ActiveCfg = Debug|iPhone
		{D722BBC8-06CF-42CD-BCEF-45BA13BA95E1}.Debug|iPhone.Build.0 = Debug|iPhone
		{D722BBC8-06CF-42CD-BCEF-45BA13BA95E1}.Debug|iPhoneSimulator.ActiveCfg = Debug|iPhoneSimulator
		{D722BBC8-06CF-42CD-BCEF-45BA13BA95E1}.Debug|iPhoneSimulator.Build.0 = Debug|iPhoneSimulator
		{D722BBC8-06CF-42CD-BCEF-45BA13BA95E1}.Release|Any CPU.ActiveCfg = Release|iPhone
		{D722BBC8-06CF-42CD-BCEF-45BA13BA95E1}.Release|iPhone.ActiveCfg = Release|iPhone
		{D722BBC8-06CF-42CD-BCEF-45BA13BA95E1}.Release|iPhone.Build.0 = Release|iPhone
		{D722BBC8-06CF-42CD-BCEF-45BA13BA95E1}.Release|iPhoneSimulator.ActiveCfg = Release|iPhoneSimulator
		{D722BBC8-06CF-42CD-BCEF-45BA13BA95E1}.Release|iPhoneSimulator.Build.0 = Release|iPhoneSimulator
	EndGlobalSection
	GlobalSection(SolutionProperties) = preSolution
		HideSolutionNode = FALSE
	EndGlobalSection
	GlobalSection(ExtensibilityGlobals) = postSolution
		SolutionGuid = {C6999BA1-62BA-4DF4-AD01-DE0DBF7FD0BA}
	EndGlobalSection
EndGlobal
